
Microsoft Visual Studio Solution File, Format Version 12.00
# Visual Studio Version 16
VisualStudioVersion = 16.6.30114.105
MinimumVisualStudioVersion = 10.0.40219.1
Project("{FAE04EC0-301F-11D3-BF4B-00C04F79EFBC}") = "R5T.D0092.I0001", "R5T.D0092.I0001\R5T.D0092.I0001.csproj", "{BC9C98CA-CF7E-4F94-9F1A-144CA891F6FF}"
EndProject
Project("{2150E333-8FDC-42A3-9474-1A3956D46DE8}") = "_Dependencies", "_Dependencies", "{9DE61590-1357-4B0F-A51C-444515797D9F}"
EndProject
Project("{FAE04EC0-301F-11D3-BF4B-00C04F79EFBC}") = "R5T.Magyar", "..\..\R5T.Magyar\source\R5T.Magyar\R5T.Magyar.csproj", "{ABF5ACAA-04F4-4793-8949-41240006E10D}"
EndProject
Project("{9A19103F-16F7-4668-BE54-9A1E7A4F7556}") = "R5T.A0002", "..\..\R5T.A0002\source\R5T.A0002\R5T.A0002.csproj", "{2AC4C998-5D9B-4FB3-A4F0-5EC4331352CD}"
EndProject
Project("{9A19103F-16F7-4668-BE54-9A1E7A4F7556}") = "R5T.D0063.Default", "..\..\R5T.D0063\source\R5T.D0063.Default\R5T.D0063.Default.csproj", "{6FF40E31-CA60-4EE0-8EED-CDF2CFCE93A3}"
EndProject
Project("{9A19103F-16F7-4668-BE54-9A1E7A4F7556}") = "R5T.Dacia.Extensions", "..\..\R5T.Dacia.Extensions\source\R5T.Dacia.Extensions\R5T.Dacia.Extensions.csproj", "{4E13C585-56A4-45C6-BFF0-99173A563243}"
EndProject
Project("{9A19103F-16F7-4668-BE54-9A1E7A4F7556}") = "R5T.Dacia", "..\..\R5T.Dacia\source\R5T.Dacia\R5T.Dacia.csproj", "{73CC6B0A-0E76-4E4E-967E-F050FD810276}"
EndProject
Project("{9A19103F-16F7-4668-BE54-9A1E7A4F7556}") = "R5T.T0062.X001", "..\..\R5T.T0062\source\R5T.T0062.X001\R5T.T0062.X001.csproj", "{51127D92-F31B-47B9-9A58-07F3993BABBF}"
EndProject
Project("{9A19103F-16F7-4668-BE54-9A1E7A4F7556}") = "R5T.T0063", "..\..\R5T.T0063\source\R5T.T0063\R5T.T0063.csproj", "{9D0D78ED-8C35-43BA-96FD-5C7025F0E5B5}"
EndProject
Project("{9A19103F-16F7-4668-BE54-9A1E7A4F7556}") = "R5T.L0013", "..\..\R5T.L0013\source\R5T.L0013\R5T.L0013.csproj", "{BFB6E7E5-AC30-4B02-A284-4DF212CEF6B4}"
EndProject
Project("{9A19103F-16F7-4668-BE54-9A1E7A4F7556}") = "R5T.T0062", "..\..\R5T.T0062\source\R5T.T0062\R5T.T0062.csproj", "{13CBF5D4-623D-4FA0-BC29-55E5894A4DFB}"
EndProject
Project("{9A19103F-16F7-4668-BE54-9A1E7A4F7556}") = "R5T.T0039.T002", "..\..\R5T.T0039\source\R5T.T0039.T002\R5T.T0039.T002.csproj", "{C71322D5-77F6-4FF7-95F0-3FB4BDE95FBA}"
EndProject
Project("{9A19103F-16F7-4668-BE54-9A1E7A4F7556}") = "R5T.D0063.Base", "..\..\R5T.D0063\source\R5T.D0063.Base\R5T.D0063.Base.csproj", "{E7C9A35A-6A01-47BE-A024-8D08BAD6E972}"
EndProject
Project("{9A19103F-16F7-4668-BE54-9A1E7A4F7556}") = "R5T.T0064", "..\..\R5T.T0064\source\R5T.T0064\R5T.T0064.csproj", "{22736352-8141-4E32-A29E-DDEC0A47A91A}"
EndProject
Project("{9A19103F-16F7-4668-BE54-9A1E7A4F7556}") = "R5T.D0065.Standard", "..\..\R5T.D0065\source\R5T.D0065.Standard\R5T.D0065.Standard.csproj", "{37873146-86C4-41E3-B8FD-F8ABB2BA497C}"
EndProject
Project("{9A19103F-16F7-4668-BE54-9A1E7A4F7556}") = "R5T.D0071.Default", "..\..\R5T.D0071\source\R5T.D0071.Default\R5T.D0071.Default.csproj", "{EB00D75C-EEB6-4F53-89F7-96D4BEF986FB}"
EndProject
Project("{9A19103F-16F7-4668-BE54-9A1E7A4F7556}") = "R5T.Lombardy.Base", "..\..\R5T.Lombardy.Base\source\R5T.Lombardy.Base\R5T.Lombardy.Base.csproj", "{3A59D1ED-D786-43D4-A6CB-3FDFCDC161AD}"
EndProject
Project("{9A19103F-16F7-4668-BE54-9A1E7A4F7556}") = "R5T.D0071.Base", "..\..\R5T.D0071\source\R5T.D0071.Base\R5T.D0071.Base.csproj", "{02FD163A-2030-438B-9F67-9AD8EE6C9FDE}"
EndProject
Project("{9A19103F-16F7-4668-BE54-9A1E7A4F7556}") = "R5T.D0065.D0071", "..\..\R5T.D0065\source\R5T.D0065.D0071\R5T.D0065.D0071.csproj", "{B8D7B817-C237-4136-A0E9-14868461B190}"
EndProject
Project("{9A19103F-16F7-4668-BE54-9A1E7A4F7556}") = "R5T.D0065.Base", "..\..\R5T.D0065\source\R5T.D0065.Base\R5T.D0065.Base.csproj", "{F3F163F4-C678-45BA-A3DD-CEE0913DCAEE}"
EndProject
Project("{9A19103F-16F7-4668-BE54-9A1E7A4F7556}") = "R5T.D0065.Default", "..\..\R5T.D0065\source\R5T.D0065.Default\R5T.D0065.Default.csproj", "{549754A7-A5C1-46D7-8B23-8454BEED3780}"
EndProject
Project("{9A19103F-16F7-4668-BE54-9A1E7A4F7556}") = "R5T.D0070.A001", "..\..\R5T.D0070\source\R5T.D0070.A001\R5T.D0070.A001.csproj", "{C658647F-4488-4039-9E79-BAEA36F0C10B}"
EndProject
Project("{9A19103F-16F7-4668-BE54-9A1E7A4F7556}") = "R5T.D0070.Default", "..\..\R5T.D0070\source\R5T.D0070.Default\R5T.D0070.Default.csproj", "{C75A5EEE-7BC9-4097-BADC-7FBE9995FEA0}"
EndProject
Project("{9A19103F-16F7-4668-BE54-9A1E7A4F7556}") = "R5T.Cherusci", "..\..\R5T.Cherusci\source\R5T.Cherusci\R5T.Cherusci.csproj", "{E7D9889A-F44C-4D67-AFF1-A3A6385BE72D}"
EndProject
Project("{9A19103F-16F7-4668-BE54-9A1E7A4F7556}") = "R5T.D0062.Base", "..\..\R5T.D0062\source\R5T.D0062.Base\R5T.D0062.Base.csproj", "{3145E494-011D-4D90-95C3-6ADFFDBA4196}"
EndProject
Project("{9A19103F-16F7-4668-BE54-9A1E7A4F7556}") = "R5T.D0070.Base", "..\..\R5T.D0070\source\R5T.D0070.Base\R5T.D0070.Base.csproj", "{67A44417-D354-4D11-B53F-A5DA8585677D}"
EndProject
Project("{9A19103F-16F7-4668-BE54-9A1E7A4F7556}") = "R5T.D0070.Types", "..\..\R5T.D0070\source\R5T.D0070.Types\R5T.D0070.Types.csproj", "{8E3B98EB-8322-476E-BE6C-68814B8A6FD1}"
EndProject
Project("{9A19103F-16F7-4668-BE54-9A1E7A4F7556}") = "R5T.Lombardy", "..\..\R5T.Lombardy\source\R5T.Lombardy\R5T.Lombardy.csproj", "{779546DD-97D5-489C-B067-74B8BBA46ED5}"
EndProject
Project("{9A19103F-16F7-4668-BE54-9A1E7A4F7556}") = "R5T.Rugia", "..\..\R5T.Rugia\source\R5T.Rugia\R5T.Rugia.csproj", "{A5FCD411-20A2-44AF-9B1C-99705D166073}"
EndProject
Project("{9A19103F-16F7-4668-BE54-9A1E7A4F7556}") = "R5T.Rugia.Base", "..\..\R5T.Rugia.Base\source\R5T.Rugia.Base\R5T.Rugia.Base.csproj", "{1C239ED1-931A-4723-A88C-1F5D707C9834}"
EndProject
Project("{9A19103F-16F7-4668-BE54-9A1E7A4F7556}") = "R5T.D0092.Base", "..\..\R5T.D0092\source\R5T.D0092.Base\R5T.D0092.Base.csproj", "{95209FB2-82F3-4F80-8E2D-54E7006728FE}"
EndProject
Project("{9A19103F-16F7-4668-BE54-9A1E7A4F7556}") = "R5T.L0015", "..\..\R5T.L0015\source\R5T.L0015\R5T.L0015.csproj", "{C2EA774E-ABB8-47B4-93FD-42BCDB962E99}"
EndProject
Global
	GlobalSection(SolutionConfigurationPlatforms) = preSolution
		Debug|Any CPU = Debug|Any CPU
		Debug|x64 = Debug|x64
		Debug|x86 = Debug|x86
		Release|Any CPU = Release|Any CPU
		Release|x64 = Release|x64
		Release|x86 = Release|x86
	EndGlobalSection
	GlobalSection(ProjectConfigurationPlatforms) = postSolution
		{BC9C98CA-CF7E-4F94-9F1A-144CA891F6FF}.Debug|Any CPU.ActiveCfg = Debug|Any CPU
		{BC9C98CA-CF7E-4F94-9F1A-144CA891F6FF}.Debug|Any CPU.Build.0 = Debug|Any CPU
		{BC9C98CA-CF7E-4F94-9F1A-144CA891F6FF}.Debug|x64.ActiveCfg = Debug|Any CPU
		{BC9C98CA-CF7E-4F94-9F1A-144CA891F6FF}.Debug|x64.Build.0 = Debug|Any CPU
		{BC9C98CA-CF7E-4F94-9F1A-144CA891F6FF}.Debug|x86.ActiveCfg = Debug|Any CPU
		{BC9C98CA-CF7E-4F94-9F1A-144CA891F6FF}.Debug|x86.Build.0 = Debug|Any CPU
		{BC9C98CA-CF7E-4F94-9F1A-144CA891F6FF}.Release|Any CPU.ActiveCfg = Release|Any CPU
		{BC9C98CA-CF7E-4F94-9F1A-144CA891F6FF}.Release|Any CPU.Build.0 = Release|Any CPU
		{BC9C98CA-CF7E-4F94-9F1A-144CA891F6FF}.Release|x64.ActiveCfg = Release|Any CPU
		{BC9C98CA-CF7E-4F94-9F1A-144CA891F6FF}.Release|x64.Build.0 = Release|Any CPU
		{BC9C98CA-CF7E-4F94-9F1A-144CA891F6FF}.Release|x86.ActiveCfg = Release|Any CPU
		{BC9C98CA-CF7E-4F94-9F1A-144CA891F6FF}.Release|x86.Build.0 = Release|Any CPU
		{ABF5ACAA-04F4-4793-8949-41240006E10D}.Debug|Any CPU.ActiveCfg = Debug|Any CPU
		{ABF5ACAA-04F4-4793-8949-41240006E10D}.Debug|Any CPU.Build.0 = Debug|Any CPU
		{ABF5ACAA-04F4-4793-8949-41240006E10D}.Debug|x64.ActiveCfg = Debug|Any CPU
		{ABF5ACAA-04F4-4793-8949-41240006E10D}.Debug|x64.Build.0 = Debug|Any CPU
		{ABF5ACAA-04F4-4793-8949-41240006E10D}.Debug|x86.ActiveCfg = Debug|Any CPU
		{ABF5ACAA-04F4-4793-8949-41240006E10D}.Debug|x86.Build.0 = Debug|Any CPU
		{ABF5ACAA-04F4-4793-8949-41240006E10D}.Release|Any CPU.ActiveCfg = Release|Any CPU
		{ABF5ACAA-04F4-4793-8949-41240006E10D}.Release|Any CPU.Build.0 = Release|Any CPU
		{ABF5ACAA-04F4-4793-8949-41240006E10D}.Release|x64.ActiveCfg = Release|Any CPU
		{ABF5ACAA-04F4-4793-8949-41240006E10D}.Release|x64.Build.0 = Release|Any CPU
		{ABF5ACAA-04F4-4793-8949-41240006E10D}.Release|x86.ActiveCfg = Release|Any CPU
		{ABF5ACAA-04F4-4793-8949-41240006E10D}.Release|x86.Build.0 = Release|Any CPU
		{2AC4C998-5D9B-4FB3-A4F0-5EC4331352CD}.Debug|Any CPU.ActiveCfg = Debug|Any CPU
		{2AC4C998-5D9B-4FB3-A4F0-5EC4331352CD}.Debug|Any CPU.Build.0 = Debug|Any CPU
		{2AC4C998-5D9B-4FB3-A4F0-5EC4331352CD}.Debug|x64.ActiveCfg = Debug|Any CPU
		{2AC4C998-5D9B-4FB3-A4F0-5EC4331352CD}.Debug|x64.Build.0 = Debug|Any CPU
		{2AC4C998-5D9B-4FB3-A4F0-5EC4331352CD}.Debug|x86.ActiveCfg = Debug|Any CPU
		{2AC4C998-5D9B-4FB3-A4F0-5EC4331352CD}.Debug|x86.Build.0 = Debug|Any CPU
		{2AC4C998-5D9B-4FB3-A4F0-5EC4331352CD}.Release|Any CPU.ActiveCfg = Release|Any CPU
		{2AC4C998-5D9B-4FB3-A4F0-5EC4331352CD}.Release|Any CPU.Build.0 = Release|Any CPU
		{2AC4C998-5D9B-4FB3-A4F0-5EC4331352CD}.Release|x64.ActiveCfg = Release|Any CPU
		{2AC4C998-5D9B-4FB3-A4F0-5EC4331352CD}.Release|x64.Build.0 = Release|Any CPU
		{2AC4C998-5D9B-4FB3-A4F0-5EC4331352CD}.Release|x86.ActiveCfg = Release|Any CPU
		{2AC4C998-5D9B-4FB3-A4F0-5EC4331352CD}.Release|x86.Build.0 = Release|Any CPU
		{6FF40E31-CA60-4EE0-8EED-CDF2CFCE93A3}.Debug|Any CPU.ActiveCfg = Debug|Any CPU
		{6FF40E31-CA60-4EE0-8EED-CDF2CFCE93A3}.Debug|Any CPU.Build.0 = Debug|Any CPU
		{6FF40E31-CA60-4EE0-8EED-CDF2CFCE93A3}.Debug|x64.ActiveCfg = Debug|Any CPU
		{6FF40E31-CA60-4EE0-8EED-CDF2CFCE93A3}.Debug|x64.Build.0 = Debug|Any CPU
		{6FF40E31-CA60-4EE0-8EED-CDF2CFCE93A3}.Debug|x86.ActiveCfg = Debug|Any CPU
		{6FF40E31-CA60-4EE0-8EED-CDF2CFCE93A3}.Debug|x86.Build.0 = Debug|Any CPU
		{6FF40E31-CA60-4EE0-8EED-CDF2CFCE93A3}.Release|Any CPU.ActiveCfg = Release|Any CPU
		{6FF40E31-CA60-4EE0-8EED-CDF2CFCE93A3}.Release|Any CPU.Build.0 = Release|Any CPU
		{6FF40E31-CA60-4EE0-8EED-CDF2CFCE93A3}.Release|x64.ActiveCfg = Release|Any CPU
		{6FF40E31-CA60-4EE0-8EED-CDF2CFCE93A3}.Release|x64.Build.0 = Release|Any CPU
		{6FF40E31-CA60-4EE0-8EED-CDF2CFCE93A3}.Release|x86.ActiveCfg = Release|Any CPU
		{6FF40E31-CA60-4EE0-8EED-CDF2CFCE93A3}.Release|x86.Build.0 = Release|Any CPU
		{4E13C585-56A4-45C6-BFF0-99173A563243}.Debug|Any CPU.ActiveCfg = Debug|Any CPU
		{4E13C585-56A4-45C6-BFF0-99173A563243}.Debug|Any CPU.Build.0 = Debug|Any CPU
		{4E13C585-56A4-45C6-BFF0-99173A563243}.Debug|x64.ActiveCfg = Debug|Any CPU
		{4E13C585-56A4-45C6-BFF0-99173A563243}.Debug|x64.Build.0 = Debug|Any CPU
		{4E13C585-56A4-45C6-BFF0-99173A563243}.Debug|x86.ActiveCfg = Debug|Any CPU
		{4E13C585-56A4-45C6-BFF0-99173A563243}.Debug|x86.Build.0 = Debug|Any CPU
		{4E13C585-56A4-45C6-BFF0-99173A563243}.Release|Any CPU.ActiveCfg = Release|Any CPU
		{4E13C585-56A4-45C6-BFF0-99173A563243}.Release|Any CPU.Build.0 = Release|Any CPU
		{4E13C585-56A4-45C6-BFF0-99173A563243}.Release|x64.ActiveCfg = Release|Any CPU
		{4E13C585-56A4-45C6-BFF0-99173A563243}.Release|x64.Build.0 = Release|Any CPU
		{4E13C585-56A4-45C6-BFF0-99173A563243}.Release|x86.ActiveCfg = Release|Any CPU
		{4E13C585-56A4-45C6-BFF0-99173A563243}.Release|x86.Build.0 = Release|Any CPU
		{73CC6B0A-0E76-4E4E-967E-F050FD810276}.Debug|Any CPU.ActiveCfg = Debug|Any CPU
		{73CC6B0A-0E76-4E4E-967E-F050FD810276}.Debug|Any CPU.Build.0 = Debug|Any CPU
		{73CC6B0A-0E76-4E4E-967E-F050FD810276}.Debug|x64.ActiveCfg = Debug|Any CPU
		{73CC6B0A-0E76-4E4E-967E-F050FD810276}.Debug|x64.Build.0 = Debug|Any CPU
		{73CC6B0A-0E76-4E4E-967E-F050FD810276}.Debug|x86.ActiveCfg = Debug|Any CPU
		{73CC6B0A-0E76-4E4E-967E-F050FD810276}.Debug|x86.Build.0 = Debug|Any CPU
		{73CC6B0A-0E76-4E4E-967E-F050FD810276}.Release|Any CPU.ActiveCfg = Release|Any CPU
		{73CC6B0A-0E76-4E4E-967E-F050FD810276}.Release|Any CPU.Build.0 = Release|Any CPU
		{73CC6B0A-0E76-4E4E-967E-F050FD810276}.Release|x64.ActiveCfg = Release|Any CPU
		{73CC6B0A-0E76-4E4E-967E-F050FD810276}.Release|x64.Build.0 = Release|Any CPU
		{73CC6B0A-0E76-4E4E-967E-F050FD810276}.Release|x86.ActiveCfg = Release|Any CPU
		{73CC6B0A-0E76-4E4E-967E-F050FD810276}.Release|x86.Build.0 = Release|Any CPU
		{51127D92-F31B-47B9-9A58-07F3993BABBF}.Debug|Any CPU.ActiveCfg = Debug|Any CPU
		{51127D92-F31B-47B9-9A58-07F3993BABBF}.Debug|Any CPU.Build.0 = Debug|Any CPU
		{51127D92-F31B-47B9-9A58-07F3993BABBF}.Debug|x64.ActiveCfg = Debug|Any CPU
		{51127D92-F31B-47B9-9A58-07F3993BABBF}.Debug|x64.Build.0 = Debug|Any CPU
		{51127D92-F31B-47B9-9A58-07F3993BABBF}.Debug|x86.ActiveCfg = Debug|Any CPU
		{51127D92-F31B-47B9-9A58-07F3993BABBF}.Debug|x86.Build.0 = Debug|Any CPU
		{51127D92-F31B-47B9-9A58-07F3993BABBF}.Release|Any CPU.ActiveCfg = Release|Any CPU
		{51127D92-F31B-47B9-9A58-07F3993BABBF}.Release|Any CPU.Build.0 = Release|Any CPU
		{51127D92-F31B-47B9-9A58-07F3993BABBF}.Release|x64.ActiveCfg = Release|Any CPU
		{51127D92-F31B-47B9-9A58-07F3993BABBF}.Release|x64.Build.0 = Release|Any CPU
		{51127D92-F31B-47B9-9A58-07F3993BABBF}.Release|x86.ActiveCfg = Release|Any CPU
		{51127D92-F31B-47B9-9A58-07F3993BABBF}.Release|x86.Build.0 = Release|Any CPU
		{9D0D78ED-8C35-43BA-96FD-5C7025F0E5B5}.Debug|Any CPU.ActiveCfg = Debug|Any CPU
		{9D0D78ED-8C35-43BA-96FD-5C7025F0E5B5}.Debug|Any CPU.Build.0 = Debug|Any CPU
		{9D0D78ED-8C35-43BA-96FD-5C7025F0E5B5}.Debug|x64.ActiveCfg = Debug|Any CPU
		{9D0D78ED-8C35-43BA-96FD-5C7025F0E5B5}.Debug|x64.Build.0 = Debug|Any CPU
		{9D0D78ED-8C35-43BA-96FD-5C7025F0E5B5}.Debug|x86.ActiveCfg = Debug|Any CPU
		{9D0D78ED-8C35-43BA-96FD-5C7025F0E5B5}.Debug|x86.Build.0 = Debug|Any CPU
		{9D0D78ED-8C35-43BA-96FD-5C7025F0E5B5}.Release|Any CPU.ActiveCfg = Release|Any CPU
		{9D0D78ED-8C35-43BA-96FD-5C7025F0E5B5}.Release|Any CPU.Build.0 = Release|Any CPU
		{9D0D78ED-8C35-43BA-96FD-5C7025F0E5B5}.Release|x64.ActiveCfg = Release|Any CPU
		{9D0D78ED-8C35-43BA-96FD-5C7025F0E5B5}.Release|x64.Build.0 = Release|Any CPU
		{9D0D78ED-8C35-43BA-96FD-5C7025F0E5B5}.Release|x86.ActiveCfg = Release|Any CPU
		{9D0D78ED-8C35-43BA-96FD-5C7025F0E5B5}.Release|x86.Build.0 = Release|Any CPU
		{BFB6E7E5-AC30-4B02-A284-4DF212CEF6B4}.Debug|Any CPU.ActiveCfg = Debug|Any CPU
		{BFB6E7E5-AC30-4B02-A284-4DF212CEF6B4}.Debug|Any CPU.Build.0 = Debug|Any CPU
		{BFB6E7E5-AC30-4B02-A284-4DF212CEF6B4}.Debug|x64.ActiveCfg = Debug|Any CPU
		{BFB6E7E5-AC30-4B02-A284-4DF212CEF6B4}.Debug|x64.Build.0 = Debug|Any CPU
		{BFB6E7E5-AC30-4B02-A284-4DF212CEF6B4}.Debug|x86.ActiveCfg = Debug|Any CPU
		{BFB6E7E5-AC30-4B02-A284-4DF212CEF6B4}.Debug|x86.Build.0 = Debug|Any CPU
		{BFB6E7E5-AC30-4B02-A284-4DF212CEF6B4}.Release|Any CPU.ActiveCfg = Release|Any CPU
		{BFB6E7E5-AC30-4B02-A284-4DF212CEF6B4}.Release|Any CPU.Build.0 = Release|Any CPU
		{BFB6E7E5-AC30-4B02-A284-4DF212CEF6B4}.Release|x64.ActiveCfg = Release|Any CPU
		{BFB6E7E5-AC30-4B02-A284-4DF212CEF6B4}.Release|x64.Build.0 = Release|Any CPU
		{BFB6E7E5-AC30-4B02-A284-4DF212CEF6B4}.Release|x86.ActiveCfg = Release|Any CPU
		{BFB6E7E5-AC30-4B02-A284-4DF212CEF6B4}.Release|x86.Build.0 = Release|Any CPU
		{13CBF5D4-623D-4FA0-BC29-55E5894A4DFB}.Debug|Any CPU.ActiveCfg = Debug|Any CPU
		{13CBF5D4-623D-4FA0-BC29-55E5894A4DFB}.Debug|Any CPU.Build.0 = Debug|Any CPU
		{13CBF5D4-623D-4FA0-BC29-55E5894A4DFB}.Debug|x64.ActiveCfg = Debug|Any CPU
		{13CBF5D4-623D-4FA0-BC29-55E5894A4DFB}.Debug|x64.Build.0 = Debug|Any CPU
		{13CBF5D4-623D-4FA0-BC29-55E5894A4DFB}.Debug|x86.ActiveCfg = Debug|Any CPU
		{13CBF5D4-623D-4FA0-BC29-55E5894A4DFB}.Debug|x86.Build.0 = Debug|Any CPU
		{13CBF5D4-623D-4FA0-BC29-55E5894A4DFB}.Release|Any CPU.ActiveCfg = Release|Any CPU
		{13CBF5D4-623D-4FA0-BC29-55E5894A4DFB}.Release|Any CPU.Build.0 = Release|Any CPU
		{13CBF5D4-623D-4FA0-BC29-55E5894A4DFB}.Release|x64.ActiveCfg = Release|Any CPU
		{13CBF5D4-623D-4FA0-BC29-55E5894A4DFB}.Release|x64.Build.0 = Release|Any CPU
		{13CBF5D4-623D-4FA0-BC29-55E5894A4DFB}.Release|x86.ActiveCfg = Release|Any CPU
		{13CBF5D4-623D-4FA0-BC29-55E5894A4DFB}.Release|x86.Build.0 = Release|Any CPU
		{C71322D5-77F6-4FF7-95F0-3FB4BDE95FBA}.Debug|Any CPU.ActiveCfg = Debug|Any CPU
		{C71322D5-77F6-4FF7-95F0-3FB4BDE95FBA}.Debug|Any CPU.Build.0 = Debug|Any CPU
		{C71322D5-77F6-4FF7-95F0-3FB4BDE95FBA}.Debug|x64.ActiveCfg = Debug|Any CPU
		{C71322D5-77F6-4FF7-95F0-3FB4BDE95FBA}.Debug|x64.Build.0 = Debug|Any CPU
		{C71322D5-77F6-4FF7-95F0-3FB4BDE95FBA}.Debug|x86.ActiveCfg = Debug|Any CPU
		{C71322D5-77F6-4FF7-95F0-3FB4BDE95FBA}.Debug|x86.Build.0 = Debug|Any CPU
		{C71322D5-77F6-4FF7-95F0-3FB4BDE95FBA}.Release|Any CPU.ActiveCfg = Release|Any CPU
		{C71322D5-77F6-4FF7-95F0-3FB4BDE95FBA}.Release|Any CPU.Build.0 = Release|Any CPU
		{C71322D5-77F6-4FF7-95F0-3FB4BDE95FBA}.Release|x64.ActiveCfg = Release|Any CPU
		{C71322D5-77F6-4FF7-95F0-3FB4BDE95FBA}.Release|x64.Build.0 = Release|Any CPU
		{C71322D5-77F6-4FF7-95F0-3FB4BDE95FBA}.Release|x86.ActiveCfg = Release|Any CPU
		{C71322D5-77F6-4FF7-95F0-3FB4BDE95FBA}.Release|x86.Build.0 = Release|Any CPU
		{E7C9A35A-6A01-47BE-A024-8D08BAD6E972}.Debug|Any CPU.ActiveCfg = Debug|Any CPU
		{E7C9A35A-6A01-47BE-A024-8D08BAD6E972}.Debug|Any CPU.Build.0 = Debug|Any CPU
		{E7C9A35A-6A01-47BE-A024-8D08BAD6E972}.Debug|x64.ActiveCfg = Debug|Any CPU
		{E7C9A35A-6A01-47BE-A024-8D08BAD6E972}.Debug|x64.Build.0 = Debug|Any CPU
		{E7C9A35A-6A01-47BE-A024-8D08BAD6E972}.Debug|x86.ActiveCfg = Debug|Any CPU
		{E7C9A35A-6A01-47BE-A024-8D08BAD6E972}.Debug|x86.Build.0 = Debug|Any CPU
		{E7C9A35A-6A01-47BE-A024-8D08BAD6E972}.Release|Any CPU.ActiveCfg = Release|Any CPU
		{E7C9A35A-6A01-47BE-A024-8D08BAD6E972}.Release|Any CPU.Build.0 = Release|Any CPU
		{E7C9A35A-6A01-47BE-A024-8D08BAD6E972}.Release|x64.ActiveCfg = Release|Any CPU
		{E7C9A35A-6A01-47BE-A024-8D08BAD6E972}.Release|x64.Build.0 = Release|Any CPU
		{E7C9A35A-6A01-47BE-A024-8D08BAD6E972}.Release|x86.ActiveCfg = Release|Any CPU
		{E7C9A35A-6A01-47BE-A024-8D08BAD6E972}.Release|x86.Build.0 = Release|Any CPU
		{22736352-8141-4E32-A29E-DDEC0A47A91A}.Debug|Any CPU.ActiveCfg = Debug|Any CPU
		{22736352-8141-4E32-A29E-DDEC0A47A91A}.Debug|Any CPU.Build.0 = Debug|Any CPU
		{22736352-8141-4E32-A29E-DDEC0A47A91A}.Debug|x64.ActiveCfg = Debug|Any CPU
		{22736352-8141-4E32-A29E-DDEC0A47A91A}.Debug|x64.Build.0 = Debug|Any CPU
		{22736352-8141-4E32-A29E-DDEC0A47A91A}.Debug|x86.ActiveCfg = Debug|Any CPU
		{22736352-8141-4E32-A29E-DDEC0A47A91A}.Debug|x86.Build.0 = Debug|Any CPU
		{22736352-8141-4E32-A29E-DDEC0A47A91A}.Release|Any CPU.ActiveCfg = Release|Any CPU
		{22736352-8141-4E32-A29E-DDEC0A47A91A}.Release|Any CPU.Build.0 = Release|Any CPU
		{22736352-8141-4E32-A29E-DDEC0A47A91A}.Release|x64.ActiveCfg = Release|Any CPU
		{22736352-8141-4E32-A29E-DDEC0A47A91A}.Release|x64.Build.0 = Release|Any CPU
		{22736352-8141-4E32-A29E-DDEC0A47A91A}.Release|x86.ActiveCfg = Release|Any CPU
		{22736352-8141-4E32-A29E-DDEC0A47A91A}.Release|x86.Build.0 = Release|Any CPU
		{37873146-86C4-41E3-B8FD-F8ABB2BA497C}.Debug|Any CPU.ActiveCfg = Debug|Any CPU
		{37873146-86C4-41E3-B8FD-F8ABB2BA497C}.Debug|Any CPU.Build.0 = Debug|Any CPU
		{37873146-86C4-41E3-B8FD-F8ABB2BA497C}.Debug|x64.ActiveCfg = Debug|Any CPU
		{37873146-86C4-41E3-B8FD-F8ABB2BA497C}.Debug|x64.Build.0 = Debug|Any CPU
		{37873146-86C4-41E3-B8FD-F8ABB2BA497C}.Debug|x86.ActiveCfg = Debug|Any CPU
		{37873146-86C4-41E3-B8FD-F8ABB2BA497C}.Debug|x86.Build.0 = Debug|Any CPU
		{37873146-86C4-41E3-B8FD-F8ABB2BA497C}.Release|Any CPU.ActiveCfg = Release|Any CPU
		{37873146-86C4-41E3-B8FD-F8ABB2BA497C}.Release|Any CPU.Build.0 = Release|Any CPU
		{37873146-86C4-41E3-B8FD-F8ABB2BA497C}.Release|x64.ActiveCfg = Release|Any CPU
		{37873146-86C4-41E3-B8FD-F8ABB2BA497C}.Release|x64.Build.0 = Release|Any CPU
		{37873146-86C4-41E3-B8FD-F8ABB2BA497C}.Release|x86.ActiveCfg = Release|Any CPU
		{37873146-86C4-41E3-B8FD-F8ABB2BA497C}.Release|x86.Build.0 = Release|Any CPU
		{EB00D75C-EEB6-4F53-89F7-96D4BEF986FB}.Debug|Any CPU.ActiveCfg = Debug|Any CPU
		{EB00D75C-EEB6-4F53-89F7-96D4BEF986FB}.Debug|Any CPU.Build.0 = Debug|Any CPU
		{EB00D75C-EEB6-4F53-89F7-96D4BEF986FB}.Debug|x64.ActiveCfg = Debug|Any CPU
		{EB00D75C-EEB6-4F53-89F7-96D4BEF986FB}.Debug|x64.Build.0 = Debug|Any CPU
		{EB00D75C-EEB6-4F53-89F7-96D4BEF986FB}.Debug|x86.ActiveCfg = Debug|Any CPU
		{EB00D75C-EEB6-4F53-89F7-96D4BEF986FB}.Debug|x86.Build.0 = Debug|Any CPU
		{EB00D75C-EEB6-4F53-89F7-96D4BEF986FB}.Release|Any CPU.ActiveCfg = Release|Any CPU
		{EB00D75C-EEB6-4F53-89F7-96D4BEF986FB}.Release|Any CPU.Build.0 = Release|Any CPU
		{EB00D75C-EEB6-4F53-89F7-96D4BEF986FB}.Release|x64.ActiveCfg = Release|Any CPU
		{EB00D75C-EEB6-4F53-89F7-96D4BEF986FB}.Release|x64.Build.0 = Release|Any CPU
		{EB00D75C-EEB6-4F53-89F7-96D4BEF986FB}.Release|x86.ActiveCfg = Release|Any CPU
		{EB00D75C-EEB6-4F53-89F7-96D4BEF986FB}.Release|x86.Build.0 = Release|Any CPU
		{3A59D1ED-D786-43D4-A6CB-3FDFCDC161AD}.Debug|Any CPU.ActiveCfg = Debug|Any CPU
		{3A59D1ED-D786-43D4-A6CB-3FDFCDC161AD}.Debug|Any CPU.Build.0 = Debug|Any CPU
		{3A59D1ED-D786-43D4-A6CB-3FDFCDC161AD}.Debug|x64.ActiveCfg = Debug|Any CPU
		{3A59D1ED-D786-43D4-A6CB-3FDFCDC161AD}.Debug|x64.Build.0 = Debug|Any CPU
		{3A59D1ED-D786-43D4-A6CB-3FDFCDC161AD}.Debug|x86.ActiveCfg = Debug|Any CPU
		{3A59D1ED-D786-43D4-A6CB-3FDFCDC161AD}.Debug|x86.Build.0 = Debug|Any CPU
		{3A59D1ED-D786-43D4-A6CB-3FDFCDC161AD}.Release|Any CPU.ActiveCfg = Release|Any CPU
		{3A59D1ED-D786-43D4-A6CB-3FDFCDC161AD}.Release|Any CPU.Build.0 = Release|Any CPU
		{3A59D1ED-D786-43D4-A6CB-3FDFCDC161AD}.Release|x64.ActiveCfg = Release|Any CPU
		{3A59D1ED-D786-43D4-A6CB-3FDFCDC161AD}.Release|x64.Build.0 = Release|Any CPU
		{3A59D1ED-D786-43D4-A6CB-3FDFCDC161AD}.Release|x86.ActiveCfg = Release|Any CPU
		{3A59D1ED-D786-43D4-A6CB-3FDFCDC161AD}.Release|x86.Build.0 = Release|Any CPU
		{02FD163A-2030-438B-9F67-9AD8EE6C9FDE}.Debug|Any CPU.ActiveCfg = Debug|Any CPU
		{02FD163A-2030-438B-9F67-9AD8EE6C9FDE}.Debug|Any CPU.Build.0 = Debug|Any CPU
		{02FD163A-2030-438B-9F67-9AD8EE6C9FDE}.Debug|x64.ActiveCfg = Debug|Any CPU
		{02FD163A-2030-438B-9F67-9AD8EE6C9FDE}.Debug|x64.Build.0 = Debug|Any CPU
		{02FD163A-2030-438B-9F67-9AD8EE6C9FDE}.Debug|x86.ActiveCfg = Debug|Any CPU
		{02FD163A-2030-438B-9F67-9AD8EE6C9FDE}.Debug|x86.Build.0 = Debug|Any CPU
		{02FD163A-2030-438B-9F67-9AD8EE6C9FDE}.Release|Any CPU.ActiveCfg = Release|Any CPU
		{02FD163A-2030-438B-9F67-9AD8EE6C9FDE}.Release|Any CPU.Build.0 = Release|Any CPU
		{02FD163A-2030-438B-9F67-9AD8EE6C9FDE}.Release|x64.ActiveCfg = Release|Any CPU
		{02FD163A-2030-438B-9F67-9AD8EE6C9FDE}.Release|x64.Build.0 = Release|Any CPU
		{02FD163A-2030-438B-9F67-9AD8EE6C9FDE}.Release|x86.ActiveCfg = Release|Any CPU
		{02FD163A-2030-438B-9F67-9AD8EE6C9FDE}.Release|x86.Build.0 = Release|Any CPU
		{B8D7B817-C237-4136-A0E9-14868461B190}.Debug|Any CPU.ActiveCfg = Debug|Any CPU
		{B8D7B817-C237-4136-A0E9-14868461B190}.Debug|Any CPU.Build.0 = Debug|Any CPU
		{B8D7B817-C237-4136-A0E9-14868461B190}.Debug|x64.ActiveCfg = Debug|Any CPU
		{B8D7B817-C237-4136-A0E9-14868461B190}.Debug|x64.Build.0 = Debug|Any CPU
		{B8D7B817-C237-4136-A0E9-14868461B190}.Debug|x86.ActiveCfg = Debug|Any CPU
		{B8D7B817-C237-4136-A0E9-14868461B190}.Debug|x86.Build.0 = Debug|Any CPU
		{B8D7B817-C237-4136-A0E9-14868461B190}.Release|Any CPU.ActiveCfg = Release|Any CPU
		{B8D7B817-C237-4136-A0E9-14868461B190}.Release|Any CPU.Build.0 = Release|Any CPU
		{B8D7B817-C237-4136-A0E9-14868461B190}.Release|x64.ActiveCfg = Release|Any CPU
		{B8D7B817-C237-4136-A0E9-14868461B190}.Release|x64.Build.0 = Release|Any CPU
		{B8D7B817-C237-4136-A0E9-14868461B190}.Release|x86.ActiveCfg = Release|Any CPU
		{B8D7B817-C237-4136-A0E9-14868461B190}.Release|x86.Build.0 = Release|Any CPU
		{F3F163F4-C678-45BA-A3DD-CEE0913DCAEE}.Debug|Any CPU.ActiveCfg = Debug|Any CPU
		{F3F163F4-C678-45BA-A3DD-CEE0913DCAEE}.Debug|Any CPU.Build.0 = Debug|Any CPU
		{F3F163F4-C678-45BA-A3DD-CEE0913DCAEE}.Debug|x64.ActiveCfg = Debug|Any CPU
		{F3F163F4-C678-45BA-A3DD-CEE0913DCAEE}.Debug|x64.Build.0 = Debug|Any CPU
		{F3F163F4-C678-45BA-A3DD-CEE0913DCAEE}.Debug|x86.ActiveCfg = Debug|Any CPU
		{F3F163F4-C678-45BA-A3DD-CEE0913DCAEE}.Debug|x86.Build.0 = Debug|Any CPU
		{F3F163F4-C678-45BA-A3DD-CEE0913DCAEE}.Release|Any CPU.ActiveCfg = Release|Any CPU
		{F3F163F4-C678-45BA-A3DD-CEE0913DCAEE}.Release|Any CPU.Build.0 = Release|Any CPU
		{F3F163F4-C678-45BA-A3DD-CEE0913DCAEE}.Release|x64.ActiveCfg = Release|Any CPU
		{F3F163F4-C678-45BA-A3DD-CEE0913DCAEE}.Release|x64.Build.0 = Release|Any CPU
		{F3F163F4-C678-45BA-A3DD-CEE0913DCAEE}.Release|x86.ActiveCfg = Release|Any CPU
		{F3F163F4-C678-45BA-A3DD-CEE0913DCAEE}.Release|x86.Build.0 = Release|Any CPU
		{549754A7-A5C1-46D7-8B23-8454BEED3780}.Debug|Any CPU.ActiveCfg = Debug|Any CPU
		{549754A7-A5C1-46D7-8B23-8454BEED3780}.Debug|Any CPU.Build.0 = Debug|Any CPU
		{549754A7-A5C1-46D7-8B23-8454BEED3780}.Debug|x64.ActiveCfg = Debug|Any CPU
		{549754A7-A5C1-46D7-8B23-8454BEED3780}.Debug|x64.Build.0 = Debug|Any CPU
		{549754A7-A5C1-46D7-8B23-8454BEED3780}.Debug|x86.ActiveCfg = Debug|Any CPU
		{549754A7-A5C1-46D7-8B23-8454BEED3780}.Debug|x86.Build.0 = Debug|Any CPU
		{549754A7-A5C1-46D7-8B23-8454BEED3780}.Release|Any CPU.ActiveCfg = Release|Any CPU
		{549754A7-A5C1-46D7-8B23-8454BEED3780}.Release|Any CPU.Build.0 = Release|Any CPU
		{549754A7-A5C1-46D7-8B23-8454BEED3780}.Release|x64.ActiveCfg = Release|Any CPU
		{549754A7-A5C1-46D7-8B23-8454BEED3780}.Release|x64.Build.0 = Release|Any CPU
		{549754A7-A5C1-46D7-8B23-8454BEED3780}.Release|x86.ActiveCfg = Release|Any CPU
		{549754A7-A5C1-46D7-8B23-8454BEED3780}.Release|x86.Build.0 = Release|Any CPU
		{C658647F-4488-4039-9E79-BAEA36F0C10B}.Debug|Any CPU.ActiveCfg = Debug|Any CPU
		{C658647F-4488-4039-9E79-BAEA36F0C10B}.Debug|Any CPU.Build.0 = Debug|Any CPU
		{C658647F-4488-4039-9E79-BAEA36F0C10B}.Debug|x64.ActiveCfg = Debug|Any CPU
		{C658647F-4488-4039-9E79-BAEA36F0C10B}.Debug|x64.Build.0 = Debug|Any CPU
		{C658647F-4488-4039-9E79-BAEA36F0C10B}.Debug|x86.ActiveCfg = Debug|Any CPU
		{C658647F-4488-4039-9E79-BAEA36F0C10B}.Debug|x86.Build.0 = Debug|Any CPU
		{C658647F-4488-4039-9E79-BAEA36F0C10B}.Release|Any CPU.ActiveCfg = Release|Any CPU
		{C658647F-4488-4039-9E79-BAEA36F0C10B}.Release|Any CPU.Build.0 = Release|Any CPU
		{C658647F-4488-4039-9E79-BAEA36F0C10B}.Release|x64.ActiveCfg = Release|Any CPU
		{C658647F-4488-4039-9E79-BAEA36F0C10B}.Release|x64.Build.0 = Release|Any CPU
		{C658647F-4488-4039-9E79-BAEA36F0C10B}.Release|x86.ActiveCfg = Release|Any CPU
		{C658647F-4488-4039-9E79-BAEA36F0C10B}.Release|x86.Build.0 = Release|Any CPU
		{C75A5EEE-7BC9-4097-BADC-7FBE9995FEA0}.Debug|Any CPU.ActiveCfg = Debug|Any CPU
		{C75A5EEE-7BC9-4097-BADC-7FBE9995FEA0}.Debug|Any CPU.Build.0 = Debug|Any CPU
		{C75A5EEE-7BC9-4097-BADC-7FBE9995FEA0}.Debug|x64.ActiveCfg = Debug|Any CPU
		{C75A5EEE-7BC9-4097-BADC-7FBE9995FEA0}.Debug|x64.Build.0 = Debug|Any CPU
		{C75A5EEE-7BC9-4097-BADC-7FBE9995FEA0}.Debug|x86.ActiveCfg = Debug|Any CPU
		{C75A5EEE-7BC9-4097-BADC-7FBE9995FEA0}.Debug|x86.Build.0 = Debug|Any CPU
		{C75A5EEE-7BC9-4097-BADC-7FBE9995FEA0}.Release|Any CPU.ActiveCfg = Release|Any CPU
		{C75A5EEE-7BC9-4097-BADC-7FBE9995FEA0}.Release|Any CPU.Build.0 = Release|Any CPU
		{C75A5EEE-7BC9-4097-BADC-7FBE9995FEA0}.Release|x64.ActiveCfg = Release|Any CPU
		{C75A5EEE-7BC9-4097-BADC-7FBE9995FEA0}.Release|x64.Build.0 = Release|Any CPU
		{C75A5EEE-7BC9-4097-BADC-7FBE9995FEA0}.Release|x86.ActiveCfg = Release|Any CPU
		{C75A5EEE-7BC9-4097-BADC-7FBE9995FEA0}.Release|x86.Build.0 = Release|Any CPU
		{E7D9889A-F44C-4D67-AFF1-A3A6385BE72D}.Debug|Any CPU.ActiveCfg = Debug|Any CPU
		{E7D9889A-F44C-4D67-AFF1-A3A6385BE72D}.Debug|Any CPU.Build.0 = Debug|Any CPU
		{E7D9889A-F44C-4D67-AFF1-A3A6385BE72D}.Debug|x64.ActiveCfg = Debug|Any CPU
		{E7D9889A-F44C-4D67-AFF1-A3A6385BE72D}.Debug|x64.Build.0 = Debug|Any CPU
		{E7D9889A-F44C-4D67-AFF1-A3A6385BE72D}.Debug|x86.ActiveCfg = Debug|Any CPU
		{E7D9889A-F44C-4D67-AFF1-A3A6385BE72D}.Debug|x86.Build.0 = Debug|Any CPU
		{E7D9889A-F44C-4D67-AFF1-A3A6385BE72D}.Release|Any CPU.ActiveCfg = Release|Any CPU
		{E7D9889A-F44C-4D67-AFF1-A3A6385BE72D}.Release|Any CPU.Build.0 = Release|Any CPU
		{E7D9889A-F44C-4D67-AFF1-A3A6385BE72D}.Release|x64.ActiveCfg = Release|Any CPU
		{E7D9889A-F44C-4D67-AFF1-A3A6385BE72D}.Release|x64.Build.0 = Release|Any CPU
		{E7D9889A-F44C-4D67-AFF1-A3A6385BE72D}.Release|x86.ActiveCfg = Release|Any CPU
		{E7D9889A-F44C-4D67-AFF1-A3A6385BE72D}.Release|x86.Build.0 = Release|Any CPU
		{3145E494-011D-4D90-95C3-6ADFFDBA4196}.Debug|Any CPU.ActiveCfg = Debug|Any CPU
		{3145E494-011D-4D90-95C3-6ADFFDBA4196}.Debug|Any CPU.Build.0 = Debug|Any CPU
		{3145E494-011D-4D90-95C3-6ADFFDBA4196}.Debug|x64.ActiveCfg = Debug|Any CPU
		{3145E494-011D-4D90-95C3-6ADFFDBA4196}.Debug|x64.Build.0 = Debug|Any CPU
		{3145E494-011D-4D90-95C3-6ADFFDBA4196}.Debug|x86.ActiveCfg = Debug|Any CPU
		{3145E494-011D-4D90-95C3-6ADFFDBA4196}.Debug|x86.Build.0 = Debug|Any CPU
		{3145E494-011D-4D90-95C3-6ADFFDBA4196}.Release|Any CPU.ActiveCfg = Release|Any CPU
		{3145E494-011D-4D90-95C3-6ADFFDBA4196}.Release|Any CPU.Build.0 = Release|Any CPU
		{3145E494-011D-4D90-95C3-6ADFFDBA4196}.Release|x64.ActiveCfg = Release|Any CPU
		{3145E494-011D-4D90-95C3-6ADFFDBA4196}.Release|x64.Build.0 = Release|Any CPU
		{3145E494-011D-4D90-95C3-6ADFFDBA4196}.Release|x86.ActiveCfg = Release|Any CPU
		{3145E494-011D-4D90-95C3-6ADFFDBA4196}.Release|x86.Build.0 = Release|Any CPU
		{67A44417-D354-4D11-B53F-A5DA8585677D}.Debug|Any CPU.ActiveCfg = Debug|Any CPU
		{67A44417-D354-4D11-B53F-A5DA8585677D}.Debug|Any CPU.Build.0 = Debug|Any CPU
		{67A44417-D354-4D11-B53F-A5DA8585677D}.Debug|x64.ActiveCfg = Debug|Any CPU
		{67A44417-D354-4D11-B53F-A5DA8585677D}.Debug|x64.Build.0 = Debug|Any CPU
		{67A44417-D354-4D11-B53F-A5DA8585677D}.Debug|x86.ActiveCfg = Debug|Any CPU
		{67A44417-D354-4D11-B53F-A5DA8585677D}.Debug|x86.Build.0 = Debug|Any CPU
		{67A44417-D354-4D11-B53F-A5DA8585677D}.Release|Any CPU.ActiveCfg = Release|Any CPU
		{67A44417-D354-4D11-B53F-A5DA8585677D}.Release|Any CPU.Build.0 = Release|Any CPU
		{67A44417-D354-4D11-B53F-A5DA8585677D}.Release|x64.ActiveCfg = Release|Any CPU
		{67A44417-D354-4D11-B53F-A5DA8585677D}.Release|x64.Build.0 = Release|Any CPU
		{67A44417-D354-4D11-B53F-A5DA8585677D}.Release|x86.ActiveCfg = Release|Any CPU
		{67A44417-D354-4D11-B53F-A5DA8585677D}.Release|x86.Build.0 = Release|Any CPU
		{8E3B98EB-8322-476E-BE6C-68814B8A6FD1}.Debug|Any CPU.ActiveCfg = Debug|Any CPU
		{8E3B98EB-8322-476E-BE6C-68814B8A6FD1}.Debug|Any CPU.Build.0 = Debug|Any CPU
		{8E3B98EB-8322-476E-BE6C-68814B8A6FD1}.Debug|x64.ActiveCfg = Debug|Any CPU
		{8E3B98EB-8322-476E-BE6C-68814B8A6FD1}.Debug|x64.Build.0 = Debug|Any CPU
		{8E3B98EB-8322-476E-BE6C-68814B8A6FD1}.Debug|x86.ActiveCfg = Debug|Any CPU
		{8E3B98EB-8322-476E-BE6C-68814B8A6FD1}.Debug|x86.Build.0 = Debug|Any CPU
		{8E3B98EB-8322-476E-BE6C-68814B8A6FD1}.Release|Any CPU.ActiveCfg = Release|Any CPU
		{8E3B98EB-8322-476E-BE6C-68814B8A6FD1}.Release|Any CPU.Build.0 = Release|Any CPU
		{8E3B98EB-8322-476E-BE6C-68814B8A6FD1}.Release|x64.ActiveCfg = Release|Any CPU
		{8E3B98EB-8322-476E-BE6C-68814B8A6FD1}.Release|x64.Build.0 = Release|Any CPU
		{8E3B98EB-8322-476E-BE6C-68814B8A6FD1}.Release|x86.ActiveCfg = Release|Any CPU
		{8E3B98EB-8322-476E-BE6C-68814B8A6FD1}.Release|x86.Build.0 = Release|Any CPU
		{779546DD-97D5-489C-B067-74B8BBA46ED5}.Debug|Any CPU.ActiveCfg = Debug|Any CPU
		{779546DD-97D5-489C-B067-74B8BBA46ED5}.Debug|Any CPU.Build.0 = Debug|Any CPU
		{779546DD-97D5-489C-B067-74B8BBA46ED5}.Debug|x64.ActiveCfg = Debug|Any CPU
		{779546DD-97D5-489C-B067-74B8BBA46ED5}.Debug|x64.Build.0 = Debug|Any CPU
		{779546DD-97D5-489C-B067-74B8BBA46ED5}.Debug|x86.ActiveCfg = Debug|Any CPU
		{779546DD-97D5-489C-B067-74B8BBA46ED5}.Debug|x86.Build.0 = Debug|Any CPU
		{779546DD-97D5-489C-B067-74B8BBA46ED5}.Release|Any CPU.ActiveCfg = Release|Any CPU
		{779546DD-97D5-489C-B067-74B8BBA46ED5}.Release|Any CPU.Build.0 = Release|Any CPU
		{779546DD-97D5-489C-B067-74B8BBA46ED5}.Release|x64.ActiveCfg = Release|Any CPU
		{779546DD-97D5-489C-B067-74B8BBA46ED5}.Release|x64.Build.0 = Release|Any CPU
		{779546DD-97D5-489C-B067-74B8BBA46ED5}.Release|x86.ActiveCfg = Release|Any CPU
		{779546DD-97D5-489C-B067-74B8BBA46ED5}.Release|x86.Build.0 = Release|Any CPU
		{A5FCD411-20A2-44AF-9B1C-99705D166073}.Debug|Any CPU.ActiveCfg = Debug|Any CPU
		{A5FCD411-20A2-44AF-9B1C-99705D166073}.Debug|Any CPU.Build.0 = Debug|Any CPU
		{A5FCD411-20A2-44AF-9B1C-99705D166073}.Debug|x64.ActiveCfg = Debug|Any CPU
		{A5FCD411-20A2-44AF-9B1C-99705D166073}.Debug|x64.Build.0 = Debug|Any CPU
		{A5FCD411-20A2-44AF-9B1C-99705D166073}.Debug|x86.ActiveCfg = Debug|Any CPU
		{A5FCD411-20A2-44AF-9B1C-99705D166073}.Debug|x86.Build.0 = Debug|Any CPU
		{A5FCD411-20A2-44AF-9B1C-99705D166073}.Release|Any CPU.ActiveCfg = Release|Any CPU
		{A5FCD411-20A2-44AF-9B1C-99705D166073}.Release|Any CPU.Build.0 = Release|Any CPU
		{A5FCD411-20A2-44AF-9B1C-99705D166073}.Release|x64.ActiveCfg = Release|Any CPU
		{A5FCD411-20A2-44AF-9B1C-99705D166073}.Release|x64.Build.0 = Release|Any CPU
		{A5FCD411-20A2-44AF-9B1C-99705D166073}.Release|x86.ActiveCfg = Release|Any CPU
		{A5FCD411-20A2-44AF-9B1C-99705D166073}.Release|x86.Build.0 = Release|Any CPU
		{1C239ED1-931A-4723-A88C-1F5D707C9834}.Debug|Any CPU.ActiveCfg = Debug|Any CPU
		{1C239ED1-931A-4723-A88C-1F5D707C9834}.Debug|Any CPU.Build.0 = Debug|Any CPU
		{1C239ED1-931A-4723-A88C-1F5D707C9834}.Debug|x64.ActiveCfg = Debug|Any CPU
		{1C239ED1-931A-4723-A88C-1F5D707C9834}.Debug|x64.Build.0 = Debug|Any CPU
		{1C239ED1-931A-4723-A88C-1F5D707C9834}.Debug|x86.ActiveCfg = Debug|Any CPU
		{1C239ED1-931A-4723-A88C-1F5D707C9834}.Debug|x86.Build.0 = Debug|Any CPU
		{1C239ED1-931A-4723-A88C-1F5D707C9834}.Release|Any CPU.ActiveCfg = Release|Any CPU
		{1C239ED1-931A-4723-A88C-1F5D707C9834}.Release|Any CPU.Build.0 = Release|Any CPU
		{1C239ED1-931A-4723-A88C-1F5D707C9834}.Release|x64.ActiveCfg = Release|Any CPU
		{1C239ED1-931A-4723-A88C-1F5D707C9834}.Release|x64.Build.0 = Release|Any CPU
		{1C239ED1-931A-4723-A88C-1F5D707C9834}.Release|x86.ActiveCfg = Release|Any CPU
		{1C239ED1-931A-4723-A88C-1F5D707C9834}.Release|x86.Build.0 = Release|Any CPU
		{95209FB2-82F3-4F80-8E2D-54E7006728FE}.Debug|Any CPU.ActiveCfg = Debug|Any CPU
		{95209FB2-82F3-4F80-8E2D-54E7006728FE}.Debug|Any CPU.Build.0 = Debug|Any CPU
		{95209FB2-82F3-4F80-8E2D-54E7006728FE}.Debug|x64.ActiveCfg = Debug|Any CPU
		{95209FB2-82F3-4F80-8E2D-54E7006728FE}.Debug|x64.Build.0 = Debug|Any CPU
		{95209FB2-82F3-4F80-8E2D-54E7006728FE}.Debug|x86.ActiveCfg = Debug|Any CPU
		{95209FB2-82F3-4F80-8E2D-54E7006728FE}.Debug|x86.Build.0 = Debug|Any CPU
		{95209FB2-82F3-4F80-8E2D-54E7006728FE}.Release|Any CPU.ActiveCfg = Release|Any CPU
		{95209FB2-82F3-4F80-8E2D-54E7006728FE}.Release|Any CPU.Build.0 = Release|Any CPU
		{95209FB2-82F3-4F80-8E2D-54E7006728FE}.Release|x64.ActiveCfg = Release|Any CPU
		{95209FB2-82F3-4F80-8E2D-54E7006728FE}.Release|x64.Build.0 = Release|Any CPU
		{95209FB2-82F3-4F80-8E2D-54E7006728FE}.Release|x86.ActiveCfg = Release|Any CPU
		{95209FB2-82F3-4F80-8E2D-54E7006728FE}.Release|x86.Build.0 = Release|Any CPU
		{C2EA774E-ABB8-47B4-93FD-42BCDB962E99}.Debug|Any CPU.ActiveCfg = Debug|Any CPU
		{C2EA774E-ABB8-47B4-93FD-42BCDB962E99}.Debug|Any CPU.Build.0 = Debug|Any CPU
		{C2EA774E-ABB8-47B4-93FD-42BCDB962E99}.Debug|x64.ActiveCfg = Debug|Any CPU
		{C2EA774E-ABB8-47B4-93FD-42BCDB962E99}.Debug|x64.Build.0 = Debug|Any CPU
		{C2EA774E-ABB8-47B4-93FD-42BCDB962E99}.Debug|x86.ActiveCfg = Debug|Any CPU
		{C2EA774E-ABB8-47B4-93FD-42BCDB962E99}.Debug|x86.Build.0 = Debug|Any CPU
		{C2EA774E-ABB8-47B4-93FD-42BCDB962E99}.Release|Any CPU.ActiveCfg = Release|Any CPU
		{C2EA774E-ABB8-47B4-93FD-42BCDB962E99}.Release|Any CPU.Build.0 = Release|Any CPU
		{C2EA774E-ABB8-47B4-93FD-42BCDB962E99}.Release|x64.ActiveCfg = Release|Any CPU
		{C2EA774E-ABB8-47B4-93FD-42BCDB962E99}.Release|x64.Build.0 = Release|Any CPU
		{C2EA774E-ABB8-47B4-93FD-42BCDB962E99}.Release|x86.ActiveCfg = Release|Any CPU
		{C2EA774E-ABB8-47B4-93FD-42BCDB962E99}.Release|x86.Build.0 = Release|Any CPU
	EndGlobalSection
	GlobalSection(SolutionProperties) = preSolution
		HideSolutionNode = FALSE
	EndGlobalSection
	GlobalSection(NestedProjects) = preSolution
		{ABF5ACAA-04F4-4793-8949-41240006E10D} = {9DE61590-1357-4B0F-A51C-444515797D9F}
		{2AC4C998-5D9B-4FB3-A4F0-5EC4331352CD} = {9DE61590-1357-4B0F-A51C-444515797D9F}
		{6FF40E31-CA60-4EE0-8EED-CDF2CFCE93A3} = {9DE61590-1357-4B0F-A51C-444515797D9F}
		{4E13C585-56A4-45C6-BFF0-99173A563243} = {9DE61590-1357-4B0F-A51C-444515797D9F}
		{73CC6B0A-0E76-4E4E-967E-F050FD810276} = {9DE61590-1357-4B0F-A51C-444515797D9F}
		{51127D92-F31B-47B9-9A58-07F3993BABBF} = {9DE61590-1357-4B0F-A51C-444515797D9F}
		{9D0D78ED-8C35-43BA-96FD-5C7025F0E5B5} = {9DE61590-1357-4B0F-A51C-444515797D9F}
		{BFB6E7E5-AC30-4B02-A284-4DF212CEF6B4} = {9DE61590-1357-4B0F-A51C-444515797D9F}
		{13CBF5D4-623D-4FA0-BC29-55E5894A4DFB} = {9DE61590-1357-4B0F-A51C-444515797D9F}
		{C71322D5-77F6-4FF7-95F0-3FB4BDE95FBA} = {9DE61590-1357-4B0F-A51C-444515797D9F}
		{E7C9A35A-6A01-47BE-A024-8D08BAD6E972} = {9DE61590-1357-4B0F-A51C-444515797D9F}
		{22736352-8141-4E32-A29E-DDEC0A47A91A} = {9DE61590-1357-4B0F-A51C-444515797D9F}
		{37873146-86C4-41E3-B8FD-F8ABB2BA497C} = {9DE61590-1357-4B0F-A51C-444515797D9F}
		{EB00D75C-EEB6-4F53-89F7-96D4BEF986FB} = {9DE61590-1357-4B0F-A51C-444515797D9F}
		{3A59D1ED-D786-43D4-A6CB-3FDFCDC161AD} = {9DE61590-1357-4B0F-A51C-444515797D9F}
		{02FD163A-2030-438B-9F67-9AD8EE6C9FDE} = {9DE61590-1357-4B0F-A51C-444515797D9F}
		{B8D7B817-C237-4136-A0E9-14868461B190} = {9DE61590-1357-4B0F-A51C-444515797D9F}
		{F3F163F4-C678-45BA-A3DD-CEE0913DCAEE} = {9DE61590-1357-4B0F-A51C-444515797D9F}
		{549754A7-A5C1-46D7-8B23-8454BEED3780} = {9DE61590-1357-4B0F-A51C-444515797D9F}
		{C658647F-4488-4039-9E79-BAEA36F0C10B} = {9DE61590-1357-4B0F-A51C-444515797D9F}
		{C75A5EEE-7BC9-4097-BADC-7FBE9995FEA0} = {9DE61590-1357-4B0F-A51C-444515797D9F}
		{E7D9889A-F44C-4D67-AFF1-A3A6385BE72D} = {9DE61590-1357-4B0F-A51C-444515797D9F}
		{3145E494-011D-4D90-95C3-6ADFFDBA4196} = {9DE61590-1357-4B0F-A51C-444515797D9F}
		{67A44417-D354-4D11-B53F-A5DA8585677D} = {9DE61590-1357-4B0F-A51C-444515797D9F}
		{8E3B98EB-8322-476E-BE6C-68814B8A6FD1} = {9DE61590-1357-4B0F-A51C-444515797D9F}
		{779546DD-97D5-489C-B067-74B8BBA46ED5} = {9DE61590-1357-4B0F-A51C-444515797D9F}
		{A5FCD411-20A2-44AF-9B1C-99705D166073} = {9DE61590-1357-4B0F-A51C-444515797D9F}
		{1C239ED1-931A-4723-A88C-1F5D707C9834} = {9DE61590-1357-4B0F-A51C-444515797D9F}
		{95209FB2-82F3-4F80-8E2D-54E7006728FE} = {9DE61590-1357-4B0F-A51C-444515797D9F}
		{C2EA774E-ABB8-47B4-93FD-42BCDB962E99} = {9DE61590-1357-4B0F-A51C-444515797D9F}
	EndGlobalSection
	GlobalSection(ExtensibilityGlobals) = postSolution
		SolutionGuid = {7A10BD14-52D1-40A0-8AF7-387FB32F5956}
	EndGlobalSection
EndGlobal
