
Microsoft Visual Studio Solution File, Format Version 12.00
# Visual Studio Version 16
VisualStudioVersion = 16.0.30114.105
MinimumVisualStudioVersion = 10.0.40219.1
Project("{FAE04EC0-301F-11D3-BF4B-00C04F79EFBC}") = "R5T.D0092.I0001", "R5T.D0092.I0001\R5T.D0092.I0001.csproj", "{8F46BAA7-FEE4-42D1-84B2-2BC1A81FD7BE}"
EndProject
Project("{FAE04EC0-301F-11D3-BF4B-00C04F79EFBC}") = "R5T.D0092.I0001.Construction", "R5T.D0092.I0001.Construction\R5T.D0092.I0001.Construction.csproj", "{79C9139F-DD59-4934-9D9F-68731BF70D37}"
EndProject
Project("{2150E333-8FDC-42A3-9474-1A3956D46DE8}") = "_Dependencies", "_Dependencies", "{4185184A-E9DE-4F23-AB0D-9772FE52C3F9}"
EndProject
Project("{FAE04EC0-301F-11D3-BF4B-00C04F79EFBC}") = "R5T.T0064", "..\..\R5T.T0064\source\R5T.T0064\R5T.T0064.csproj", "{087DF68A-2D97-4088-B9D1-FE9ECD0B76DA}"
EndProject
Global
	GlobalSection(SolutionConfigurationPlatforms) = preSolution
		Debug|Any CPU = Debug|Any CPU
		Debug|x64 = Debug|x64
		Debug|x86 = Debug|x86
		Release|Any CPU = Release|Any CPU
		Release|x64 = Release|x64
		Release|x86 = Release|x86
	EndGlobalSection
	GlobalSection(SolutionProperties) = preSolution
		HideSolutionNode = FALSE
	EndGlobalSection
	GlobalSection(ProjectConfigurationPlatforms) = postSolution
		{8F46BAA7-FEE4-42D1-84B2-2BC1A81FD7BE}.Debug|Any CPU.ActiveCfg = Debug|Any CPU
		{8F46BAA7-FEE4-42D1-84B2-2BC1A81FD7BE}.Debug|Any CPU.Build.0 = Debug|Any CPU
		{8F46BAA7-FEE4-42D1-84B2-2BC1A81FD7BE}.Debug|x64.ActiveCfg = Debug|Any CPU
		{8F46BAA7-FEE4-42D1-84B2-2BC1A81FD7BE}.Debug|x64.Build.0 = Debug|Any CPU
		{8F46BAA7-FEE4-42D1-84B2-2BC1A81FD7BE}.Debug|x86.ActiveCfg = Debug|Any CPU
		{8F46BAA7-FEE4-42D1-84B2-2BC1A81FD7BE}.Debug|x86.Build.0 = Debug|Any CPU
		{8F46BAA7-FEE4-42D1-84B2-2BC1A81FD7BE}.Release|Any CPU.ActiveCfg = Release|Any CPU
		{8F46BAA7-FEE4-42D1-84B2-2BC1A81FD7BE}.Release|Any CPU.Build.0 = Release|Any CPU
		{8F46BAA7-FEE4-42D1-84B2-2BC1A81FD7BE}.Release|x64.ActiveCfg = Release|Any CPU
		{8F46BAA7-FEE4-42D1-84B2-2BC1A81FD7BE}.Release|x64.Build.0 = Release|Any CPU
		{8F46BAA7-FEE4-42D1-84B2-2BC1A81FD7BE}.Release|x86.ActiveCfg = Release|Any CPU
		{8F46BAA7-FEE4-42D1-84B2-2BC1A81FD7BE}.Release|x86.Build.0 = Release|Any CPU
		{79C9139F-DD59-4934-9D9F-68731BF70D37}.Debug|Any CPU.ActiveCfg = Debug|Any CPU
		{79C9139F-DD59-4934-9D9F-68731BF70D37}.Debug|Any CPU.Build.0 = Debug|Any CPU
		{79C9139F-DD59-4934-9D9F-68731BF70D37}.Debug|x64.ActiveCfg = Debug|Any CPU
		{79C9139F-DD59-4934-9D9F-68731BF70D37}.Debug|x64.Build.0 = Debug|Any CPU
		{79C9139F-DD59-4934-9D9F-68731BF70D37}.Debug|x86.ActiveCfg = Debug|Any CPU
		{79C9139F-DD59-4934-9D9F-68731BF70D37}.Debug|x86.Build.0 = Debug|Any CPU
		{79C9139F-DD59-4934-9D9F-68731BF70D37}.Release|Any CPU.ActiveCfg = Release|Any CPU
		{79C9139F-DD59-4934-9D9F-68731BF70D37}.Release|Any CPU.Build.0 = Release|Any CPU
		{79C9139F-DD59-4934-9D9F-68731BF70D37}.Release|x64.ActiveCfg = Release|Any CPU
		{79C9139F-DD59-4934-9D9F-68731BF70D37}.Release|x64.Build.0 = Release|Any CPU
		{79C9139F-DD59-4934-9D9F-68731BF70D37}.Release|x86.ActiveCfg = Release|Any CPU
		{79C9139F-DD59-4934-9D9F-68731BF70D37}.Release|x86.Build.0 = Release|Any CPU
		{087DF68A-2D97-4088-B9D1-FE9ECD0B76DA}.Debug|Any CPU.ActiveCfg = Debug|Any CPU
		{087DF68A-2D97-4088-B9D1-FE9ECD0B76DA}.Debug|Any CPU.Build.0 = Debug|Any CPU
		{087DF68A-2D97-4088-B9D1-FE9ECD0B76DA}.Debug|x64.ActiveCfg = Debug|Any CPU
		{087DF68A-2D97-4088-B9D1-FE9ECD0B76DA}.Debug|x64.Build.0 = Debug|Any CPU
		{087DF68A-2D97-4088-B9D1-FE9ECD0B76DA}.Debug|x86.ActiveCfg = Debug|Any CPU
		{087DF68A-2D97-4088-B9D1-FE9ECD0B76DA}.Debug|x86.Build.0 = Debug|Any CPU
		{087DF68A-2D97-4088-B9D1-FE9ECD0B76DA}.Release|Any CPU.ActiveCfg = Release|Any CPU
		{087DF68A-2D97-4088-B9D1-FE9ECD0B76DA}.Release|Any CPU.Build.0 = Release|Any CPU
		{087DF68A-2D97-4088-B9D1-FE9ECD0B76DA}.Release|x64.ActiveCfg = Release|Any CPU
		{087DF68A-2D97-4088-B9D1-FE9ECD0B76DA}.Release|x64.Build.0 = Release|Any CPU
		{087DF68A-2D97-4088-B9D1-FE9ECD0B76DA}.Release|x86.ActiveCfg = Release|Any CPU
		{087DF68A-2D97-4088-B9D1-FE9ECD0B76DA}.Release|x86.Build.0 = Release|Any CPU
	EndGlobalSection
	GlobalSection(NestedProjects) = preSolution
		{087DF68A-2D97-4088-B9D1-FE9ECD0B76DA} = {4185184A-E9DE-4F23-AB0D-9772FE52C3F9}
	EndGlobalSection
EndGlobal
